// !$*UTF8*$!
{
	archiveVersion = 1;
	classes = {
	};
	objectVersion = 56;
	objects = {

/* Begin PBXBuildFile section */
		101010101010101010101001 /* TiengNhatVaKeToanNativeApp.swift in Sources */ = {isa = PBXBuildFile; fileRef = 101010101010101010100001 /* TiengNhatVaKeToanNativeApp.swift */; };
		101010101010101010101002 /* ContentView.swift in Sources */ = {isa = PBXBuildFile; fileRef = 101010101010101010100002 /* ContentView.swift */; };
		101010101010101010101003 /* Models.swift in Sources */ = {isa = PBXBuildFile; fileRef = 101010101010101010100003 /* Models.swift */; };
		101010101010101010101004 /* QuestionStore.swift in Sources */ = {isa = PBXBuildFile; fileRef = 101010101010101010100004 /* QuestionStore.swift */; };
		101010101010101010101005 /* PencilCanvasView.swift in Sources */ = {isa = PBXBuildFile; fileRef = 101010101010101010100005 /* PencilCanvasView.swift */; };
		101010101010101010101006 /* ExamData in Resources */ = {isa = PBXBuildFile; fileRef = 101010101010101010100006 /* ExamData */; };
		101010101010101010101007 /* StudyDictionary.swift in Sources */ = {isa = PBXBuildFile; fileRef = 101010101010101010100009 /* StudyDictionary.swift */; };
		101010101010101010101008 /* StudyDictionary.json in Resources */ = {isa = PBXBuildFile; fileRef = 101010101010101010100010 /* StudyDictionary.json */; };
		101010101010101010101009 /* SelectableTextView.swift in Sources */ = {isa = PBXBuildFile; fileRef = 101010101010101010100011 /* SelectableTextView.swift */; };
		101010101010101010101010 /* Assets.xcassets in Resources */ = {isa = PBXBuildFile; fileRef = 101010101010101010100012 /* Assets.xcassets */; };
		202020202020202020201001 /* TiengNhatVaKeToanWatchApp.swift in Sources */ = {isa = PBXBuildFile; fileRef = 202020202020202020200001 /* TiengNhatVaKeToanWatchApp.swift */; };
		202020202020202020201002 /* WatchContentView.swift in Sources */ = {isa = PBXBuildFile; fileRef = 202020202020202020200002 /* WatchContentView.swift */; };
		202020202020202020201003 /* WatchStudyStore.swift in Sources */ = {isa = PBXBuildFile; fileRef = 202020202020202020200003 /* WatchStudyStore.swift */; };
		202020202020202020201004 /* StudyDictionary.json in Resources */ = {isa = PBXBuildFile; fileRef = 101010101010101010100010 /* StudyDictionary.json */; };
		303030303030303030301001 /* TiengNhatVaKeToanWatch.app in Embed Watch Content */ = {isa = PBXBuildFile; fileRef = 202020202020202020200004 /* TiengNhatVaKeToanWatch.app */; settings = {ATTRIBUTES = (CodeSignOnCopy, RemoveHeadersOnCopy, ); }; };
/* End PBXBuildFile section */

/* Begin PBXContainerItemProxy section */
		303030303030303030302001 /* PBXContainerItemProxy */ = {
			isa = PBXContainerItemProxy;
			containerPortal = 101010101010101010107001 /* Project object */;
			proxyType = 1;
			remoteGlobalIDString = 202020202020202020204001;
			remoteInfo = TiengNhatVaKeToanWatch;
		};
/* End PBXContainerItemProxy section */

/* Begin PBXCopyFilesBuildPhase section */
		303030303030303030303001 /* Embed Watch Content */ = {
			isa = PBXCopyFilesBuildPhase;
			buildActionMask = 2147483647;
			dstPath = "$(CONTENTS_FOLDER_PATH)/Watch";
			dstSubfolderSpec = 16;
			files = (
				303030303030303030301001 /* TiengNhatVaKeToanWatch.app in Embed Watch Content */,
			);
			name = "Embed Watch Content";
			runOnlyForDeploymentPostprocessing = 0;
		};
/* End PBXCopyFilesBuildPhase section */

/* Begin PBXFileReference section */
		101010101010101010100001 /* TiengNhatVaKeToanNativeApp.swift */ = {isa = PBXFileReference; lastKnownFileType = sourcecode.swift; path = TiengNhatVaKeToanNativeApp.swift; sourceTree = "<group>"; };
		101010101010101010100002 /* ContentView.swift */ = {isa = PBXFileReference; lastKnownFileType = sourcecode.swift; path = ContentView.swift; sourceTree = "<group>"; };
		101010101010101010100003 /* Models.swift */ = {isa = PBXFileReference; lastKnownFileType = sourcecode.swift; path = Models.swift; sourceTree = "<group>"; };
		101010101010101010100004 /* QuestionStore.swift */ = {isa = PBXFileReference; lastKnownFileType = sourcecode.swift; path = QuestionStore.swift; sourceTree = "<group>"; };
		101010101010101010100005 /* PencilCanvasView.swift */ = {isa = PBXFileReference; lastKnownFileType = sourcecode.swift; path = PencilCanvasView.swift; sourceTree = "<group>"; };
		101010101010101010100006 /* ExamData */ = {isa = PBXFileReference; lastKnownFileType = folder; path = ExamData; sourceTree = "<group>"; };
		101010101010101010100007 /* Info.plist */ = {isa = PBXFileReference; lastKnownFileType = text.plist.xml; path = Info.plist; sourceTree = "<group>"; };
		101010101010101010100008 /* TiengNhatVaKeToanNative.app */ = {isa = PBXFileReference; explicitFileType = wrapper.application; includeInIndex = 0; path = TiengNhatVaKeToanNative.app; sourceTree = BUILT_PRODUCTS_DIR; };
		101010101010101010100009 /* StudyDictionary.swift */ = {isa = PBXFileReference; lastKnownFileType = sourcecode.swift; path = StudyDictionary.swift; sourceTree = "<group>"; };
		101010101010101010100010 /* StudyDictionary.json */ = {isa = PBXFileReference; lastKnownFileType = text.json; path = StudyDictionary.json; sourceTree = "<group>"; };
		101010101010101010100011 /* SelectableTextView.swift */ = {isa = PBXFileReference; lastKnownFileType = sourcecode.swift; path = SelectableTextView.swift; sourceTree = "<group>"; };
		101010101010101010100012 /* Assets.xcassets */ = {isa = PBXFileReference; lastKnownFileType = folder.assetcatalog; path = Assets.xcassets; sourceTree = "<group>"; };
		202020202020202020200001 /* TiengNhatVaKeToanWatchApp.swift */ = {isa = PBXFileReference; lastKnownFileType = sourcecode.swift; path = TiengNhatVaKeToanWatchApp.swift; sourceTree = "<group>"; };
		202020202020202020200002 /* WatchContentView.swift */ = {isa = PBXFileReference; lastKnownFileType = sourcecode.swift; path = WatchContentView.swift; sourceTree = "<group>"; };
		202020202020202020200003 /* WatchStudyStore.swift */ = {isa = PBXFileReference; lastKnownFileType = sourcecode.swift; path = WatchStudyStore.swift; sourceTree = "<group>"; };
		202020202020202020200004 /* TiengNhatVaKeToanWatch.app */ = {isa = PBXFileReference; explicitFileType = wrapper.application; includeInIndex = 0; path = TiengNhatVaKeToanWatch.app; sourceTree = BUILT_PRODUCTS_DIR; };
/* End PBXFileReference section */

/* Begin PBXFrameworksBuildPhase section */
		101010101010101010102001 /* Frameworks */ = {
			isa = PBXFrameworksBuildPhase;
			buildActionMask = 2147483647;
			files = (
			);
			runOnlyForDeploymentPostprocessing = 0;
		};
		202020202020202020202001 /* Frameworks */ = {
			isa = PBXFrameworksBuildPhase;
			buildActionMask = 2147483647;
			files = (
			);
			runOnlyForDeploymentPostprocessing = 0;
		};
/* End PBXFrameworksBuildPhase section */

/* Begin PBXGroup section */
		101010101010101010103001 = {
			isa = PBXGroup;
			children = (
				101010101010101010103002 /* TiengNhatVaKeToanNative */,
				202020202020202020203002 /* TiengNhatVaKeToanWatch */,
				101010101010101010103003 /* Products */,
			);
			sourceTree = "<group>";
		};
		101010101010101010103002 /* TiengNhatVaKeToanNative */ = {
			isa = PBXGroup;
			children = (
				101010101010101010100001 /* TiengNhatVaKeToanNativeApp.swift */,
				101010101010101010100002 /* ContentView.swift */,
				101010101010101010100003 /* Models.swift */,
				101010101010101010100004 /* QuestionStore.swift */,
				101010101010101010100005 /* PencilCanvasView.swift */,
				101010101010101010100009 /* StudyDictionary.swift */,
				101010101010101010100011 /* SelectableTextView.swift */,
				101010101010101010100006 /* ExamData */,
				101010101010101010100012 /* Assets.xcassets */,
				101010101010101010100010 /* StudyDictionary.json */,
				101010101010101010100007 /* Info.plist */,
			);
			path = TiengNhatVaKeToanNative;
			sourceTree = "<group>";
		};
		101010101010101010103003 /* Products */ = {
			isa = PBXGroup;
			children = (
				101010101010101010100008 /* TiengNhatVaKeToanNative.app */,
				202020202020202020200004 /* TiengNhatVaKeToanWatch.app */,
			);
			name = Products;
			sourceTree = "<group>";
		};
		202020202020202020203002 /* TiengNhatVaKeToanWatch */ = {
			isa = PBXGroup;
			children = (
				202020202020202020200001 /* TiengNhatVaKeToanWatchApp.swift */,
				202020202020202020200002 /* WatchContentView.swift */,
				202020202020202020200003 /* WatchStudyStore.swift */,
			);
			path = TiengNhatVaKeToanWatch;
			sourceTree = "<group>";
		};
/* End PBXGroup section */

/* Begin PBXNativeTarget section */
		101010101010101010104001 /* TiengNhatVaKeToanNative */ = {
			isa = PBXNativeTarget;
			buildConfigurationList = 101010101010101010109002 /* Build configuration list for PBXNativeTarget "TiengNhatVaKeToanNative" */;
			buildPhases = (
				101010101010101010105001 /* Sources */,
				101010101010101010102001 /* Frameworks */,
				101010101010101010106001 /* Resources */,
				303030303030303030303001 /* Embed Watch Content */,
			);
			buildRules = (
			);
			dependencies = (
				303030303030303030304001 /* PBXTargetDependency */,
			);
			name = TiengNhatVaKeToanNative;
			productName = TiengNhatVaKeToanNative;
			productReference = 101010101010101010100008 /* TiengNhatVaKeToanNative.app */;
			productType = "com.apple.product-type.application";
		};
		202020202020202020204001 /* TiengNhatVaKeToanWatch */ = {
			isa = PBXNativeTarget;
			buildConfigurationList = 202020202020202020209002 /* Build configuration list for PBXNativeTarget "TiengNhatVaKeToanWatch" */;
			buildPhases = (
				202020202020202020205001 /* Sources */,
				202020202020202020202001 /* Frameworks */,
				202020202020202020206001 /* Resources */,
			);
			buildRules = (
			);
			dependencies = (
			);
			name = TiengNhatVaKeToanWatch;
			productName = TiengNhatVaKeToanWatch;
			productReference = 202020202020202020200004 /* TiengNhatVaKeToanWatch.app */;
			productType = "com.apple.product-type.application";
		};
/* End PBXNativeTarget section */

/* Begin PBXTargetDependency section */
		303030303030303030304001 /* PBXTargetDependency */ = {
			isa = PBXTargetDependency;
			target = 202020202020202020204001 /* TiengNhatVaKeToanWatch */;
			targetProxy = 303030303030303030302001 /* PBXContainerItemProxy */;
		};
/* End PBXTargetDependency section */

/* Begin PBXProject section */
		101010101010101010107001 /* Project object */ = {
			isa = PBXProject;
			attributes = {
				BuildIndependentTargetsInParallel = 1;
				LastSwiftUpdateCheck = 1600;
				LastUpgradeCheck = 1700;
				TargetAttributes = {
					101010101010101010104001 = {
						CreatedOnToolsVersion = 16.0;
					};
					202020202020202020204001 = {
						CreatedOnToolsVersion = 17.0;
					};
				};
			};
			buildConfigurationList = 101010101010101010109001 /* Build configuration list for PBXProject "TiengNhatVaKeToanNative" */;
			compatibilityVersion = "Xcode 14.0";
			developmentRegion = en;
			hasScannedForEncodings = 0;
			knownRegions = (
				en,
				Base,
			);
			mainGroup = 101010101010101010103001;
			productRefGroup = 101010101010101010103003 /* Products */;
			projectDirPath = "";
			projectRoot = "";
			targets = (
				101010101010101010104001 /* TiengNhatVaKeToanNative */,
				202020202020202020204001 /* TiengNhatVaKeToanWatch */,
			);
		};
/* End PBXProject section */

/* Begin PBXResourcesBuildPhase section */
		101010101010101010106001 /* Resources */ = {
			isa = PBXResourcesBuildPhase;
			buildActionMask = 2147483647;
			files = (
				101010101010101010101006 /* ExamData in Resources */,
				101010101010101010101010 /* Assets.xcassets in Resources */,
				101010101010101010101008 /* StudyDictionary.json in Resources */,
			);
			runOnlyForDeploymentPostprocessing = 0;
		};
		202020202020202020206001 /* Resources */ = {
			isa = PBXResourcesBuildPhase;
			buildActionMask = 2147483647;
			files = (
				202020202020202020201004 /* StudyDictionary.json in Resources */,
			);
			runOnlyForDeploymentPostprocessing = 0;
		};
/* End PBXResourcesBuildPhase section */

/* Begin PBXSourcesBuildPhase section */
		101010101010101010105001 /* Sources */ = {
			isa = PBXSourcesBuildPhase;
			buildActionMask = 2147483647;
			files = (
				101010101010101010101001 /* TiengNhatVaKeToanNativeApp.swift in Sources */,
				101010101010101010101002 /* ContentView.swift in Sources */,
				101010101010101010101003 /* Models.swift in Sources */,
				101010101010101010101004 /* QuestionStore.swift in Sources */,
				101010101010101010101005 /* PencilCanvasView.swift in Sources */,
				101010101010101010101007 /* StudyDictionary.swift in Sources */,
				101010101010101010101009 /* SelectableTextView.swift in Sources */,
			);
			runOnlyForDeploymentPostprocessing = 0;
		};
		202020202020202020205001 /* Sources */ = {
			isa = PBXSourcesBuildPhase;
			buildActionMask = 2147483647;
			files = (
				202020202020202020201001 /* TiengNhatVaKeToanWatchApp.swift in Sources */,
				202020202020202020201002 /* WatchContentView.swift in Sources */,
				202020202020202020201003 /* WatchStudyStore.swift in Sources */,
			);
			runOnlyForDeploymentPostprocessing = 0;
		};
/* End PBXSourcesBuildPhase section */

/* Begin XCBuildConfiguration section */
		101010101010101010108001 /* Debug */ = {
			isa = XCBuildConfiguration;
			buildSettings = {
				ALWAYS_SEARCH_USER_PATHS = NO;
				CLANG_ANALYZER_NONNULL = YES;
				CLANG_ANALYZER_NUMBER_OBJECT_CONVERSION = YES_AGGRESSIVE;
				CLANG_CXX_LANGUAGE_STANDARD = "gnu++20";
				CLANG_ENABLE_MODULES = YES;
				CLANG_ENABLE_OBJC_ARC = YES;
				CLANG_ENABLE_OBJC_WEAK = YES;
				CLANG_WARN_BLOCK_CAPTURE_AUTORELEASING = YES;
				CLANG_WARN_BOOL_CONVERSION = YES;
				CLANG_WARN_COMMA = YES;
				CLANG_WARN_CONSTANT_CONVERSION = YES;
				CLANG_WARN_DEPRECATED_OBJC_IMPLEMENTATIONS = YES;
				CLANG_WARN_DIRECT_OBJC_ISA_USAGE = YES_ERROR;
				CLANG_WARN_DOCUMENTATION_COMMENTS = YES;
				CLANG_WARN_EMPTY_BODY = YES;
				CLANG_WARN_ENUM_CONVERSION = YES;
				CLANG_WARN_INFINITE_RECURSION = YES;
				CLANG_WARN_INT_CONVERSION = YES;
				CLANG_WARN_NON_LITERAL_NULL_CONVERSION = YES;
				CLANG_WARN_OBJC_IMPLICIT_RETAIN_SELF = YES;
				CLANG_WARN_OBJC_LITERAL_CONVERSION = YES;
				CLANG_WARN_OBJC_ROOT_CLASS = YES_ERROR;
				CLANG_WARN_QUOTED_INCLUDE_IN_FRAMEWORK_HEADER = YES;
				CLANG_WARN_RANGE_LOOP_ANALYSIS = YES;
				CLANG_WARN_STRICT_PROTOTYPES = YES;
				CLANG_WARN_SUSPICIOUS_MOVE = YES;
				CLANG_WARN_UNGUARDED_AVAILABILITY = YES_AGGRESSIVE;
				CLANG_WARN_UNREACHABLE_CODE = YES;
				CLANG_WARN__DUPLICATE_METHOD_MATCH = YES;
				COPY_PHASE_STRIP = NO;
				DEBUG_INFORMATION_FORMAT = dwarf;
				ENABLE_STRICT_OBJC_MSGSEND = YES;
				ENABLE_TESTABILITY = YES;
				ENABLE_USER_SCRIPT_SANDBOXING = YES;
				GCC_C_LANGUAGE_STANDARD = gnu17;
				GCC_DYNAMIC_NO_PIC = NO;
				GCC_NO_COMMON_BLOCKS = YES;
				GCC_OPTIMIZATION_LEVEL = 0;
				GCC_PREPROCESSOR_DEFINITIONS = (
					"DEBUG=1",
					"$(inherited)",
				);
				GCC_WARN_64_TO_32_BIT_CONVERSION = YES;
				GCC_WARN_ABOUT_RETURN_TYPE = YES_ERROR;
				GCC_WARN_UNDECLARED_SELECTOR = YES;
				GCC_WARN_UNINITIALIZED_AUTOS = YES_AGGRESSIVE;
				GCC_WARN_UNUSED_FUNCTION = YES;
				GCC_WARN_UNUSED_VARIABLE = YES;
				IPHONEOS_DEPLOYMENT_TARGET = 26.5;
				MTL_ENABLE_DEBUG_INFO = INCLUDE_SOURCE;
				MTL_FAST_MATH = YES;
				ONLY_ACTIVE_ARCH = YES;
				SDKROOT = iphoneos;
				SWIFT_ACTIVE_COMPILATION_CONDITIONS = DEBUG;
				SWIFT_OPTIMIZATION_LEVEL = "-Onone";
			};
			name = Debug;
		};
		101010101010101010108002 /* Release */ = {
			isa = XCBuildConfiguration;
			buildSettings = {
				ALWAYS_SEARCH_USER_PATHS = NO;
				CLANG_ANALYZER_NONNULL = YES;
				CLANG_ANALYZER_NUMBER_OBJECT_CONVERSION = YES_AGGRESSIVE;
				CLANG_CXX_LANGUAGE_STANDARD = "gnu++20";
				CLANG_ENABLE_MODULES = YES;
				CLANG_ENABLE_OBJC_ARC = YES;
				CLANG_ENABLE_OBJC_WEAK = YES;
				CLANG_WARN_BLOCK_CAPTURE_AUTORELEASING = YES;
				CLANG_WARN_BOOL_CONVERSION = YES;
				CLANG_WARN_COMMA = YES;
				CLANG_WARN_CONSTANT_CONVERSION = YES;
				CLANG_WARN_DEPRECATED_OBJC_IMPLEMENTATIONS = YES;
				CLANG_WARN_DIRECT_OBJC_ISA_USAGE = YES_ERROR;
				CLANG_WARN_DOCUMENTATION_COMMENTS = YES;
				CLANG_WARN_EMPTY_BODY = YES;
				CLANG_WARN_ENUM_CONVERSION = YES;
				CLANG_WARN_INFINITE_RECURSION = YES;
				CLANG_WARN_INT_CONVERSION = YES;
				CLANG_WARN_NON_LITERAL_NULL_CONVERSION = YES;
				CLANG_WARN_OBJC_IMPLICIT_RETAIN_SELF = YES;
				CLANG_WARN_OBJC_LITERAL_CONVERSION = YES;
				CLANG_WARN_OBJC_ROOT_CLASS = YES_ERROR;
				CLANG_WARN_QUOTED_INCLUDE_IN_FRAMEWORK_HEADER = YES;
				CLANG_WARN_RANGE_LOOP_ANALYSIS = YES;
				CLANG_WARN_STRICT_PROTOTYPES = YES;
				CLANG_WARN_SUSPICIOUS_MOVE = YES;
				CLANG_WARN_UNGUARDED_AVAILABILITY = YES_AGGRESSIVE;
				CLANG_WARN_UNREACHABLE_CODE = YES;
				CLANG_WARN__DUPLICATE_METHOD_MATCH = YES;
				COPY_PHASE_STRIP = NO;
				DEBUG_INFORMATION_FORMAT = "dwarf-with-dsym";
				ENABLE_NS_ASSERTIONS = NO;
				ENABLE_STRICT_OBJC_MSGSEND = YES;
				ENABLE_USER_SCRIPT_SANDBOXING = YES;
				GCC_C_LANGUAGE_STANDARD = gnu17;
				GCC_NO_COMMON_BLOCKS = YES;
				GCC_WARN_64_TO_32_BIT_CONVERSION = YES;
				GCC_WARN_ABOUT_RETURN_TYPE = YES_ERROR;
				GCC_WARN_UNDECLARED_SELECTOR = YES;
				GCC_WARN_UNINITIALIZED_AUTOS = YES_AGGRESSIVE;
				GCC_WARN_UNUSED_FUNCTION = YES;
				GCC_WARN_UNUSED_VARIABLE = YES;
				IPHONEOS_DEPLOYMENT_TARGET = 26.5;
				MTL_ENABLE_DEBUG_INFO = NO;
				MTL_FAST_MATH = YES;
				SDKROOT = iphoneos;
				SWIFT_COMPILATION_MODE = wholemodule;
				VALIDATE_PRODUCT = YES;
			};
			name = Release;
		};
		101010101010101010108003 /* Debug */ = {
			isa = XCBuildConfiguration;
			buildSettings = {
				ASSETCATALOG_COMPILER_GLOBAL_ACCENT_COLOR_NAME = AccentColor;
				ASSETCATALOG_COMPILER_APPICON_NAME = AppIcon;
				CODE_SIGN_STYLE = Automatic;
				CURRENT_PROJECT_VERSION = 1;
				DEVELOPMENT_ASSET_PATHS = "";
				DEVELOPMENT_TEAM = 9C4H9322AU;
				GENERATE_INFOPLIST_FILE = NO;
				INFOPLIST_FILE = TiengNhatVaKeToanNative/Info.plist;
				IPHONEOS_DEPLOYMENT_TARGET = 26.5;
				LD_RUNPATH_SEARCH_PATHS = (
					"$(inherited)",
					"@executable_path/Frameworks",
				);
				MARKETING_VERSION = 1.0;
				MACOSX_DEPLOYMENT_TARGET = 26.0;
				PRODUCT_BUNDLE_IDENTIFIER = com.nghiayeuthu.TiengNhatVaKeToanNative;
				PRODUCT_NAME = "$(TARGET_NAME)";
				SUPPORTED_PLATFORMS = "iphoneos iphonesimulator macosx";
				SUPPORTS_MACCATALYST = YES;
				SWIFT_EMIT_LOC_STRINGS = YES;
				SWIFT_VERSION = 5.0;
				TARGETED_DEVICE_FAMILY = "1,2";
			};
			name = Debug;
		};
		101010101010101010108004 /* Release */ = {
			isa = XCBuildConfiguration;
			buildSettings = {
				ASSETCATALOG_COMPILER_GLOBAL_ACCENT_COLOR_NAME = AccentColor;
				ASSETCATALOG_COMPILER_APPICON_NAME = AppIcon;
				CODE_SIGN_STYLE = Automatic;
				CURRENT_PROJECT_VERSION = 1;
				DEVELOPMENT_ASSET_PATHS = "";
				DEVELOPMENT_TEAM = 9C4H9322AU;
				GENERATE_INFOPLIST_FILE = NO;
				INFOPLIST_FILE = TiengNhatVaKeToanNative/Info.plist;
				IPHONEOS_DEPLOYMENT_TARGET = 26.5;
				LD_RUNPATH_SEARCH_PATHS = (
					"$(inherited)",
					"@executable_path/Frameworks",
				);
				MARKETING_VERSION = 1.0;
				MACOSX_DEPLOYMENT_TARGET = 26.0;
				PRODUCT_BUNDLE_IDENTIFIER = com.nghiayeuthu.TiengNhatVaKeToanNative;
				PRODUCT_NAME = "$(TARGET_NAME)";
				SUPPORTED_PLATFORMS = "iphoneos iphonesimulator macosx";
				SUPPORTS_MACCATALYST = YES;
				SWIFT_EMIT_LOC_STRINGS = YES;
				SWIFT_VERSION = 5.0;
				TARGETED_DEVICE_FAMILY = "1,2";
			};
			name = Release;
		};
		202020202020202020208003 /* Debug */ = {
			isa = XCBuildConfiguration;
			buildSettings = {
				ALWAYS_EMBED_SWIFT_STANDARD_LIBRARIES = YES;
				CODE_SIGN_STYLE = Automatic;
				CURRENT_PROJECT_VERSION = 1;
				DEVELOPMENT_TEAM = 9C4H9322AU;
				GENERATE_INFOPLIST_FILE = YES;
				INFOPLIST_KEY_CFBundleDisplayName = TiengNhatVaKeToan;
				INFOPLIST_KEY_UISupportedInterfaceOrientations = "";
				INFOPLIST_KEY_WKCompanionAppBundleIdentifier = com.nghiayeuthu.TiengNhatVaKeToanNative;
				LD_RUNPATH_SEARCH_PATHS = (
					"$(inherited)",
					"@executable_path/Frameworks",
				);
				MARKETING_VERSION = 1.0;
				PRODUCT_BUNDLE_IDENTIFIER = com.nghiayeuthu.TiengNhatVaKeToanNative.watchkitapp;
				PRODUCT_NAME = "$(TARGET_NAME)";
				SDKROOT = watchos;
				SKIP_INSTALL = NO;
				SUPPORTED_PLATFORMS = "watchos watchsimulator";
				SWIFT_EMIT_LOC_STRINGS = YES;
				SWIFT_VERSION = 5.0;
				TARGETED_DEVICE_FAMILY = 4;
				WATCHOS_DEPLOYMENT_TARGET = 10.5;
			};
			name = Debug;
		};
		202020202020202020208004 /* Release */ = {
			isa = XCBuildConfiguration;
			buildSettings = {
				ALWAYS_EMBED_SWIFT_STANDARD_LIBRARIES = YES;
				CODE_SIGN_STYLE = Automatic;
				CURRENT_PROJECT_VERSION = 1;
				DEVELOPMENT_TEAM = 9C4H9322AU;
				GENERATE_INFOPLIST_FILE = YES;
				INFOPLIST_KEY_CFBundleDisplayName = TiengNhatVaKeToan;
				INFOPLIST_KEY_UISupportedInterfaceOrientations = "";
				INFOPLIST_KEY_WKCompanionAppBundleIdentifier = com.nghiayeuthu.TiengNhatVaKeToanNative;
				LD_RUNPATH_SEARCH_PATHS = (
					"$(inherited)",
					"@executable_path/Frameworks",
				);
				MARKETING_VERSION = 1.0;
				PRODUCT_BUNDLE_IDENTIFIER = com.nghiayeuthu.TiengNhatVaKeToanNative.watchkitapp;
				PRODUCT_NAME = "$(TARGET_NAME)";
				SDKROOT = watchos;
				SKIP_INSTALL = NO;
				SUPPORTED_PLATFORMS = "watchos watchsimulator";
				SWIFT_EMIT_LOC_STRINGS = YES;
				SWIFT_VERSION = 5.0;
				TARGETED_DEVICE_FAMILY = 4;
				WATCHOS_DEPLOYMENT_TARGET = 10.5;
			};
			name = Release;
		};
/* End XCBuildConfiguration section */

/* Begin XCConfigurationList section */
		101010101010101010109001 /* Build configuration list for PBXProject "TiengNhatVaKeToanNative" */ = {
			isa = XCConfigurationList;
			buildConfigurations = (
				101010101010101010108001 /* Debug */,
				101010101010101010108002 /* Release */,
			);
			defaultConfigurationIsVisible = 0;
			defaultConfigurationName = Release;
		};
		101010101010101010109002 /* Build configuration list for PBXNativeTarget "TiengNhatVaKeToanNative" */ = {
			isa = XCConfigurationList;
			buildConfigurations = (
				101010101010101010108003 /* Debug */,
				101010101010101010108004 /* Release */,
			);
			defaultConfigurationIsVisible = 0;
			defaultConfigurationName = Release;
		};
		202020202020202020209002 /* Build configuration list for PBXNativeTarget "TiengNhatVaKeToanWatch" */ = {
			isa = XCConfigurationList;
			buildConfigurations = (
				202020202020202020208003 /* Debug */,
				202020202020202020208004 /* Release */,
			);
			defaultConfigurationIsVisible = 0;
			defaultConfigurationName = Release;
		};
/* End XCConfigurationList section */
	};
	rootObject = 101010101010101010107001 /* Project object */;
}
